
Microsoft Visual Studio Solution File, Format Version 12.00
# Visual Studio 15
VisualStudioVersion = 15.0.27703.2026
MinimumVisualStudioVersion = 10.0.40219.1
Project("{FAE04EC0-301F-11D3-BF4B-00C04F79EFBC}") = "SetParent", "SetParent\SetParent.csproj", "{D312ACEB-58B3-4B7F-8399-1619C9FD5EDE}"
EndProject
Global
	GlobalSection(SolutionConfigurationPlatforms) = preSolution
		Debug|Any CPU = Debug|Any CPU
		Release|Any CPU = Release|Any CPU
	EndGlobalSection
	GlobalSection(ProjectConfigurationPlatforms) = postSolution
		{D312ACEB-58B3-4B7F-8399-1619C9FD5EDE}.Debug|Any CPU.ActiveCfg = Debug|Any CPU
		{D312ACEB-58B3-4B7F-8399-1619C9FD5EDE}.Debug|Any CPU.Build.0 = Debug|Any CPU
		{D312ACEB-58B3-4B7F-8399-1619C9FD5EDE}.Release|Any CPU.ActiveCfg = Release|Any CPU
		{D312ACEB-58B3-4B7F-8399-1619C9FD5EDE}.Release|Any CPU.Build.0 = Release|Any CPU
	EndGlobalSection
	GlobalSection(SolutionProperties) = preSolution
		HideSolutionNode = FALSE
	EndGlobalSection
	GlobalSection(ExtensibilityGlobals) = postSolution
		SolutionGuid = {D0AA723C-7AB2-49FC-85C8-BF9B75082546}
	EndGlobalSection
EndGlobal
